// !$*UTF8*$!
{
	archiveVersion = 1;
	classes = {
	};
	objectVersion = 50;
	objects = {

/* Begin PBXBuildFile section */
		172AB6582198266900105BB1 /* AppDelegate.m in Sources */ = {isa = PBXBuildFile; fileRef = 172AB6572198266900105BB1 /* AppDelegate.m */; };
		172AB65B2198266900105BB1 /* ViewController.m in Sources */ = {isa = PBXBuildFile; fileRef = 172AB65A2198266900105BB1 /* ViewController.m */; };
		172AB6612198266900105BB1 /* movielist.xcdatamodeld in Sources */ = {isa = PBXBuildFile; fileRef = 172AB65F2198266900105BB1 /* movielist.xcdatamodeld */; };
		172AB6632198266900105BB1 /* Assets.xcassets in Resources */ = {isa = PBXBuildFile; fileRef = 172AB6622198266900105BB1 /* Assets.xcassets */; };
		172AB6662198266900105BB1 /* LaunchScreen.storyboard in Resources */ = {isa = PBXBuildFile; fileRef = 172AB6642198266900105BB1 /* LaunchScreen.storyboard */; };
		172AB6692198266900105BB1 /* main.m in Sources */ = {isa = PBXBuildFile; fileRef = 172AB6682198266900105BB1 /* main.m */; };
		172AB6772198363400105BB1 /* TableViewCell.m in Sources */ = {isa = PBXBuildFile; fileRef = 172AB6762198363400105BB1 /* TableViewCell.m */; };
		172AB67A2198364200105BB1 /* TableViewController.m in Sources */ = {isa = PBXBuildFile; fileRef = 172AB6792198364200105BB1 /* TableViewController.m */; };
		172AB67D2198365C00105BB1 /* AddViewController.m in Sources */ = {isa = PBXBuildFile; fileRef = 172AB67C2198365C00105BB1 /* AddViewController.m */; };
		172AB6812198448500105BB1 /* PreViewController.m in Sources */ = {isa = PBXBuildFile; fileRef = 172AB6802198448500105BB1 /* PreViewController.m */; };
		172AB6822198530900105BB1 /* Main.storyboard in Resources */ = {isa = PBXBuildFile; fileRef = 172AB65C2198266900105BB1 /* Main.storyboard */; };
		CD9C91F1BF6E8BE4E72EB5E1 /* libPods-movielist.a in Frameworks */ = {isa = PBXBuildFile; fileRef = 57DE310923E41B02D206C97B /* libPods-movielist.a */; };
/* End PBXBuildFile section */

/* Begin PBXFileReference section */
		172AB6532198266900105BB1 /* movielist.app */ = {isa = PBXFileReference; explicitFileType = wrapper.application; includeInIndex = 0; path = movielist.app; sourceTree = BUILT_PRODUCTS_DIR; };
		172AB6562198266900105BB1 /* AppDelegate.h */ = {isa = PBXFileReference; lastKnownFileType = sourcecode.c.h; path = AppDelegate.h; sourceTree = "<group>"; };
		172AB6572198266900105BB1 /* AppDelegate.m */ = {isa = PBXFileReference; lastKnownFileType = sourcecode.c.objc; path = AppDelegate.m; sourceTree = "<group>"; };
		172AB6592198266900105BB1 /* ViewController.h */ = {isa = PBXFileReference; lastKnownFileType = sourcecode.c.h; path = ViewController.h; sourceTree = "<group>"; };
		172AB65A2198266900105BB1 /* ViewController.m */ = {isa = PBXFileReference; lastKnownFileType = sourcecode.c.objc; path = ViewController.m; sourceTree = "<group>"; };
		172AB65D2198266900105BB1 /* Base */ = {isa = PBXFileReference; lastKnownFileType = file.storyboard; name = Base; path = Base.lproj/Main.storyboard; sourceTree = "<group>"; };
		172AB6602198266900105BB1 /* movielist.xcdatamodel */ = {isa = PBXFileReference; lastKnownFileType = wrapper.xcdatamodel; path = movielist.xcdatamodel; sourceTree = "<group>"; };
		172AB6622198266900105BB1 /* Assets.xcassets */ = {isa = PBXFileReference; lastKnownFileType = folder.assetcatalog; path = Assets.xcassets; sourceTree = "<group>"; };
		172AB6652198266900105BB1 /* Base */ = {isa = PBXFileReference; lastKnownFileType = file.storyboard; name = Base; path = Base.lproj/LaunchScreen.storyboard; sourceTree = "<group>"; };
		172AB6672198266900105BB1 /* Info.plist */ = {isa = PBXFileReference; lastKnownFileType = text.plist.xml; path = Info.plist; sourceTree = "<group>"; };
		172AB6682198266900105BB1 /* main.m */ = {isa = PBXFileReference; lastKnownFileType = sourcecode.c.objc; path = main.m; sourceTree = "<group>"; };
		172AB6752198363400105BB1 /* TableViewCell.h */ = {isa = PBXFileReference; lastKnownFileType = sourcecode.c.h; path = TableViewCell.h; sourceTree = "<group>"; };
		172AB6762198363400105BB1 /* TableViewCell.m */ = {isa = PBXFileReference; lastKnownFileType = sourcecode.c.objc; path = TableViewCell.m; sourceTree = "<group>"; };
		172AB6782198364200105BB1 /* TableViewController.h */ = {isa = PBXFileReference; lastKnownFileType = sourcecode.c.h; path = TableViewController.h; sourceTree = "<group>"; };
		172AB6792198364200105BB1 /* TableViewController.m */ = {isa = PBXFileReference; lastKnownFileType = sourcecode.c.objc; path = TableViewController.m; sourceTree = "<group>"; };
		172AB67B2198365C00105BB1 /* AddViewController.h */ = {isa = PBXFileReference; lastKnownFileType = sourcecode.c.h; path = AddViewController.h; sourceTree = "<group>"; };
		172AB67C2198365C00105BB1 /* AddViewController.m */ = {isa = PBXFileReference; lastKnownFileType = sourcecode.c.objc; path = AddViewController.m; sourceTree = "<group>"; };
		172AB67F2198448500105BB1 /* PreViewController.h */ = {isa = PBXFileReference; lastKnownFileType = sourcecode.c.h; path = PreViewController.h; sourceTree = "<group>"; };
		172AB6802198448500105BB1 /* PreViewController.m */ = {isa = PBXFileReference; lastKnownFileType = sourcecode.c.objc; path = PreViewController.m; sourceTree = "<group>"; };
		5206CC26EF31B28F373867AB /* Pods-movielist.debug.xcconfig */ = {isa = PBXFileReference; includeInIndex = 1; lastKnownFileType = text.xcconfig; name = "Pods-movielist.debug.xcconfig"; path = "Pods/Target Support Files/Pods-movielist/Pods-movielist.debug.xcconfig"; sourceTree = "<group>"; };
		57DE310923E41B02D206C97B /* libPods-movielist.a */ = {isa = PBXFileReference; explicitFileType = archive.ar; includeInIndex = 0; path = "libPods-movielist.a"; sourceTree = BUILT_PRODUCTS_DIR; };
		5E7EAF6689F447A259F72351 /* Pods-movielist.release.xcconfig */ = {isa = PBXFileReference; includeInIndex = 1; lastKnownFileType = text.xcconfig; name = "Pods-movielist.release.xcconfig"; path = "Pods/Target Support Files/Pods-movielist/Pods-movielist.release.xcconfig"; sourceTree = "<group>"; };
/* End PBXFileReference section */

/* Begin PBXFrameworksBuildPhase section */
		172AB6502198266900105BB1 /* Frameworks */ = {
			isa = PBXFrameworksBuildPhase;
			buildActionMask = 2147483647;
			files = (
				CD9C91F1BF6E8BE4E72EB5E1 /* libPods-movielist.a in Frameworks */,
			);
			runOnlyForDeploymentPostprocessing = 0;
		};
/* End PBXFrameworksBuildPhase section */

/* Begin PBXGroup section */
		172AB64A2198266900105BB1 = {
			isa = PBXGroup;
			children = (
				172AB6552198266900105BB1 /* movielist */,
				172AB6542198266900105BB1 /* Products */,
				31AEA799CEB43A92F5F3DB04 /* Pods */,
				673A557918F5FFF34216DDD6 /* Frameworks */,
			);
			sourceTree = "<group>";
		};
		172AB6542198266900105BB1 /* Products */ = {
			isa = PBXGroup;
			children = (
				172AB6532198266900105BB1 /* movielist.app */,
			);
			name = Products;
			sourceTree = "<group>";
		};
		172AB6552198266900105BB1 /* movielist */ = {
			isa = PBXGroup;
			children = (
				172AB6562198266900105BB1 /* AppDelegate.h */,
				172AB6572198266900105BB1 /* AppDelegate.m */,
				172AB6592198266900105BB1 /* ViewController.h */,
				172AB65A2198266900105BB1 /* ViewController.m */,
				172AB65C2198266900105BB1 /* Main.storyboard */,
				172AB6622198266900105BB1 /* Assets.xcassets */,
				172AB6642198266900105BB1 /* LaunchScreen.storyboard */,
				172AB6672198266900105BB1 /* Info.plist */,
				172AB6682198266900105BB1 /* main.m */,
				172AB65F2198266900105BB1 /* movielist.xcdatamodeld */,
				172AB6752198363400105BB1 /* TableViewCell.h */,
				172AB6762198363400105BB1 /* TableViewCell.m */,
				172AB6782198364200105BB1 /* TableViewController.h */,
				172AB6792198364200105BB1 /* TableViewController.m */,
				172AB67B2198365C00105BB1 /* AddViewController.h */,
				172AB67C2198365C00105BB1 /* AddViewController.m */,
				172AB67F2198448500105BB1 /* PreViewController.h */,
				172AB6802198448500105BB1 /* PreViewController.m */,
			);
			path = movielist;
			sourceTree = "<group>";
		};
		31AEA799CEB43A92F5F3DB04 /* Pods */ = {
			isa = PBXGroup;
			children = (
				5206CC26EF31B28F373867AB /* Pods-movielist.debug.xcconfig */,
				5E7EAF6689F447A259F72351 /* Pods-movielist.release.xcconfig */,
			);
			name = Pods;
			sourceTree = "<group>";
		};
		673A557918F5FFF34216DDD6 /* Frameworks */ = {
			isa = PBXGroup;
			children = (
				57DE310923E41B02D206C97B /* libPods-movielist.a */,
			);
			name = Frameworks;
			sourceTree = "<group>";
		};
/* End PBXGroup section */

/* Begin PBXNativeTarget section */
		172AB6522198266900105BB1 /* movielist */ = {
			isa = PBXNativeTarget;
			buildConfigurationList = 172AB66C2198266900105BB1 /* Build configuration list for PBXNativeTarget "movielist" */;
			buildPhases = (
				61B79221284D0F2A940F3241 /* [CP] Check Pods Manifest.lock */,
				172AB64F2198266900105BB1 /* Sources */,
				172AB6502198266900105BB1 /* Frameworks */,
				172AB6512198266900105BB1 /* Resources */,
			);
			buildRules = (
			);
			dependencies = (
			);
			name = movielist;
			productName = movielist;
			productReference = 172AB6532198266900105BB1 /* movielist.app */;
			productType = "com.apple.product-type.application";
		};
/* End PBXNativeTarget section */

/* Begin PBXProject section */
		172AB64B2198266900105BB1 /* Project object */ = {
			isa = PBXProject;
			attributes = {
				LastUpgradeCheck = 1010;
				ORGANIZATIONNAME = "Omer Cohen";
				TargetAttributes = {
					172AB6522198266900105BB1 = {
						CreatedOnToolsVersion = 10.1;
					};
				};
			};
			buildConfigurationList = 172AB64E2198266900105BB1 /* Build configuration list for PBXProject "movielist" */;
			compatibilityVersion = "Xcode 9.3";
			developmentRegion = en;
			hasScannedForEncodings = 0;
			knownRegions = (
				en,
				Base,
			);
			mainGroup = 172AB64A2198266900105BB1;
			productRefGroup = 172AB6542198266900105BB1 /* Products */;
			projectDirPath = "";
			projectRoot = "";
			targets = (
				172AB6522198266900105BB1 /* movielist */,
			);
		};
/* End PBXProject section */

/* Begin PBXResourcesBuildPhase section */
		172AB6512198266900105BB1 /* Resources */ = {
			isa = PBXResourcesBuildPhase;
			buildActionMask = 2147483647;
			files = (
				172AB6822198530900105BB1 /* Main.storyboard in Resources */,
				172AB6662198266900105BB1 /* LaunchScreen.storyboard in Resources */,
				172AB6632198266900105BB1 /* Assets.xcassets in Resources */,
			);
			runOnlyForDeploymentPostprocessing = 0;
		};
/* End PBXResourcesBuildPhase section */

/* Begin PBXShellScriptBuildPhase section */
		61B79221284D0F2A940F3241 /* [CP] Check Pods Manifest.lock */ = {
			isa = PBXShellScriptBuildPhase;
			buildActionMask = 2147483647;
			files = (
			);
			inputFileListPaths = (
			);
			inputPaths = (
				"${PODS_PODFILE_DIR_PATH}/Podfile.lock",
				"${PODS_ROOT}/Manifest.lock",
			);
			name = "[CP] Check Pods Manifest.lock";
			outputFileListPaths = (
			);
			outputPaths = (
				"$(DERIVED_FILE_DIR)/Pods-movielist-checkManifestLockResult.txt",
			);
			runOnlyForDeploymentPostprocessing = 0;
			shellPath = /bin/sh;
			shellScript = "diff \"${PODS_PODFILE_DIR_PATH}/Podfile.lock\" \"${PODS_ROOT}/Manifest.lock\" > /dev/null\nif [ $? != 0 ] ; then\n    # print error to STDERR\n    echo \"error: The sandbox is not in sync with the Podfile.lock. Run 'pod install' or update your CocoaPods installation.\" >&2\n    exit 1\nfi\n# This output is used by Xcode 'outputs' to avoid re-running this script phase.\necho \"SUCCESS\" > \"${SCRIPT_OUTPUT_FILE_0}\"\n";
			showEnvVarsInLog = 0;
		};
/* End PBXShellScriptBuildPhase section */

/* Begin PBXSourcesBuildPhase section */
		172AB64F2198266900105BB1 /* Sources */ = {
			isa = PBXSourcesBuildPhase;
			buildActionMask = 2147483647;
			files = (
				172AB65B2198266900105BB1 /* ViewController.m in Sources */,
				172AB67A2198364200105BB1 /* TableViewController.m in Sources */,
				172AB6582198266900105BB1 /* AppDelegate.m in Sources */,
				172AB67D2198365C00105BB1 /* AddViewController.m in Sources */,
				172AB6812198448500105BB1 /* PreViewController.m in Sources */,
				172AB6692198266900105BB1 /* main.m in Sources */,
				172AB6772198363400105BB1 /* TableViewCell.m in Sources */,
				172AB6612198266900105BB1 /* movielist.xcdatamodeld in Sources */,
			);
			runOnlyForDeploymentPostprocessing = 0;
		};
/* End PBXSourcesBuildPhase section */

/* Begin PBXVariantGroup section */
		172AB65C2198266900105BB1 /* Main.storyboard */ = {
			isa = PBXVariantGroup;
			children = (
				172AB65D2198266900105BB1 /* Base */,
			);
			name = Main.storyboard;
			sourceTree = "<group>";
		};
		172AB6642198266900105BB1 /* LaunchScreen.storyboard */ = {
			isa = PBXVariantGroup;
			children = (
				172AB6652198266900105BB1 /* Base */,
			);
			name = LaunchScreen.storyboard;
			sourceTree = "<group>";
		};
/* End PBXVariantGroup section */

/* Begin XCBuildConfiguration section */
		172AB66A2198266900105BB1 /* Debug */ = {
			isa = XCBuildConfiguration;
			buildSettings = {
				ALWAYS_SEARCH_USER_PATHS = NO;
				CLANG_ANALYZER_NONNULL = YES;
				CLANG_ANALYZER_NUMBER_OBJECT_CONVERSION = YES_AGGRESSIVE;
				CLANG_CXX_LANGUAGE_STANDARD = "gnu++14";
				CLANG_CXX_LIBRARY = "libc++";
				CLANG_ENABLE_MODULES = YES;
				CLANG_ENABLE_OBJC_ARC = YES;
				CLANG_ENABLE_OBJC_WEAK = YES;
				CLANG_WARN_BLOCK_CAPTURE_AUTORELEASING = YES;
				CLANG_WARN_BOOL_CONVERSION = YES;
				CLANG_WARN_COMMA = YES;
				CLANG_WARN_CONSTANT_CONVERSION = YES;
				CLANG_WARN_DEPRECATED_OBJC_IMPLEMENTATIONS = YES;
				CLANG_WARN_DIRECT_OBJC_ISA_USAGE = YES_ERROR;
				CLANG_WARN_DOCUMENTATION_COMMENTS = YES;
				CLANG_WARN_EMPTY_BODY = YES;
				CLANG_WARN_ENUM_CONVERSION = YES;
				CLANG_WARN_INFINITE_RECURSION = YES;
				CLANG_WARN_INT_CONVERSION = YES;
				CLANG_WARN_NON_LITERAL_NULL_CONVERSION = YES;
				CLANG_WARN_OBJC_IMPLICIT_RETAIN_SELF = YES;
				CLANG_WARN_OBJC_LITERAL_CONVERSION = YES;
				CLANG_WARN_OBJC_ROOT_CLASS = YES_ERROR;
				CLANG_WARN_RANGE_LOOP_ANALYSIS = YES;
				CLANG_WARN_STRICT_PROTOTYPES = YES;
				CLANG_WARN_SUSPICIOUS_MOVE = YES;
				CLANG_WARN_UNGUARDED_AVAILABILITY = YES_AGGRESSIVE;
				CLANG_WARN_UNREACHABLE_CODE = YES;
				CLANG_WARN__DUPLICATE_METHOD_MATCH = YES;
				CODE_SIGN_IDENTITY = "iPhone Developer";
				COPY_PHASE_STRIP = NO;
				DEBUG_INFORMATION_FORMAT = dwarf;
				ENABLE_STRICT_OBJC_MSGSEND = YES;
				ENABLE_TESTABILITY = YES;
				GCC_C_LANGUAGE_STANDARD = gnu11;
				GCC_DYNAMIC_NO_PIC = NO;
				GCC_NO_COMMON_BLOCKS = YES;
				GCC_OPTIMIZATION_LEVEL = 0;
				GCC_PREPROCESSOR_DEFINITIONS = (
					"DEBUG=1",
					"$(inherited)",
				);
				GCC_WARN_64_TO_32_BIT_CONVERSION = YES;
				GCC_WARN_ABOUT_RETURN_TYPE = YES_ERROR;
				GCC_WARN_UNDECLARED_SELECTOR = YES;
				GCC_WARN_UNINITIALIZED_AUTOS = YES_AGGRESSIVE;
				GCC_WARN_UNUSED_FUNCTION = YES;
				GCC_WARN_UNUSED_VARIABLE = YES;
				IPHONEOS_DEPLOYMENT_TARGET = 12.1;
				MTL_ENABLE_DEBUG_INFO = INCLUDE_SOURCE;
				MTL_FAST_MATH = YES;
				ONLY_ACTIVE_ARCH = YES;
				SDKROOT = iphoneos;
			};
			name = Debug;
		};
		172AB66B2198266900105BB1 /* Release */ = {
			isa = XCBuildConfiguration;
			buildSettings = {
				ALWAYS_SEARCH_USER_PATHS = NO;
				CLANG_ANALYZER_NONNULL = YES;
				CLANG_ANALYZER_NUMBER_OBJECT_CONVERSION = YES_AGGRESSIVE;
				CLANG_CXX_LANGUAGE_STANDARD = "gnu++14";
				CLANG_CXX_LIBRARY = "libc++";
				CLANG_ENABLE_MODULES = YES;
				CLANG_ENABLE_OBJC_ARC = YES;
				CLANG_ENABLE_OBJC_WEAK = YES;
				CLANG_WARN_BLOCK_CAPTURE_AUTORELEASING = YES;
				CLANG_WARN_BOOL_CONVERSION = YES;
				CLANG_WARN_COMMA = YES;
				CLANG_WARN_CONSTANT_CONVERSION = YES;
				CLANG_WARN_DEPRECATED_OBJC_IMPLEMENTATIONS = YES;
				CLANG_WARN_DIRECT_OBJC_ISA_USAGE = YES_ERROR;
				CLANG_WARN_DOCUMENTATION_COMMENTS = YES;
				CLANG_WARN_EMPTY_BODY = YES;
				CLANG_WARN_ENUM_CONVERSION = YES;
				CLANG_WARN_INFINITE_RECURSION = YES;
				CLANG_WARN_INT_CONVERSION = YES;
				CLANG_WARN_NON_LITERAL_NULL_CONVERSION = YES;
				CLANG_WARN_OBJC_IMPLICIT_RETAIN_SELF = YES;
				CLANG_WARN_OBJC_LITERAL_CONVERSION = YES;
				CLANG_WARN_OBJC_ROOT_CLASS = YES_ERROR;
				CLANG_WARN_RANGE_LOOP_ANALYSIS = YES;
				CLANG_WARN_STRICT_PROTOTYPES = YES;
				CLANG_WARN_SUSPICIOUS_MOVE = YES;
				CLANG_WARN_UNGUARDED_AVAILABILITY = YES_AGGRESSIVE;
				CLANG_WARN_UNREACHABLE_CODE = YES;
				CLANG_WARN__DUPLICATE_METHOD_MATCH = YES;
				CODE_SIGN_IDENTITY = "iPhone Developer";
				COPY_PHASE_STRIP = NO;
				DEBUG_INFORMATION_FORMAT = "dwarf-with-dsym";
				ENABLE_NS_ASSERTIONS = NO;
				ENABLE_STRICT_OBJC_MSGSEND = YES;
				GCC_C_LANGUAGE_STANDARD = gnu11;
				GCC_NO_COMMON_BLOCKS = YES;
				GCC_WARN_64_TO_32_BIT_CONVERSION = YES;
				GCC_WARN_ABOUT_RETURN_TYPE = YES_ERROR;
				GCC_WARN_UNDECLARED_SELECTOR = YES;
				GCC_WARN_UNINITIALIZED_AUTOS = YES_AGGRESSIVE;
				GCC_WARN_UNUSED_FUNCTION = YES;
				GCC_WARN_UNUSED_VARIABLE = YES;
				IPHONEOS_DEPLOYMENT_TARGET = 12.1;
				MTL_ENABLE_DEBUG_INFO = NO;
				MTL_FAST_MATH = YES;
				SDKROOT = iphoneos;
				VALIDATE_PRODUCT = YES;
			};
			name = Release;
		};
		172AB66D2198266900105BB1 /* Debug */ = {
			isa = XCBuildConfiguration;
			baseConfigurationReference = 5206CC26EF31B28F373867AB /* Pods-movielist.debug.xcconfig */;
			buildSettings = {
				ASSETCATALOG_COMPILER_APPICON_NAME = AppIcon;
				CODE_SIGN_STYLE = Automatic;
				DEVELOPMENT_TEAM = "";
				INFOPLIST_FILE = movielist/Info.plist;
				LD_RUNPATH_SEARCH_PATHS = (
					"$(inherited)",
					"@executable_path/Frameworks",
				);
				PRODUCT_BUNDLE_IDENTIFIER = omer.com.movielist;
				PRODUCT_NAME = "$(TARGET_NAME)";
				TARGETED_DEVICE_FAMILY = "1,2";
			};
			name = Debug;
		};
		172AB66E2198266900105BB1 /* Release */ = {
			isa = XCBuildConfiguration;
			baseConfigurationReference = 5E7EAF6689F447A259F72351 /* Pods-movielist.release.xcconfig */;
			buildSettings = {
				ASSETCATALOG_COMPILER_APPICON_NAME = AppIcon;
				CODE_SIGN_STYLE = Automatic;
				DEVELOPMENT_TEAM = "";
				INFOPLIST_FILE = movielist/Info.plist;
				LD_RUNPATH_SEARCH_PATHS = (
					"$(inherited)",
					"@executable_path/Frameworks",
				);
				PRODUCT_BUNDLE_IDENTIFIER = omer.com.movielist;
				PRODUCT_NAME = "$(TARGET_NAME)";
				TARGETED_DEVICE_FAMILY = "1,2";
			};
			name = Release;
		};
/* End XCBuildConfiguration section */

/* Begin XCConfigurationList section */
		172AB64E2198266900105BB1 /* Build configuration list for PBXProject "movielist" */ = {
			isa = XCConfigurationList;
			buildConfigurations = (
				172AB66A2198266900105BB1 /* Debug */,
				172AB66B2198266900105BB1 /* Release */,
			);
			defaultConfigurationIsVisible = 0;
			defaultConfigurationName = Release;
		};
		172AB66C2198266900105BB1 /* Build configuration list for PBXNativeTarget "movielist" */ = {
			isa = XCConfigurationList;
			buildConfigurations = (
				172AB66D2198266900105BB1 /* Debug */,
				172AB66E2198266900105BB1 /* Release */,
			);
			defaultConfigurationIsVisible = 0;
			defaultConfigurationName = Release;
		};
/* End XCConfigurationList section */

/* Begin XCVersionGroup section */
		172AB65F2198266900105BB1 /* movielist.xcdatamodeld */ = {
			isa = XCVersionGroup;
			children = (
				172AB6602198266900105BB1 /* movielist.xcdatamodel */,
			);
			currentVersion = 172AB6602198266900105BB1 /* movielist.xcdatamodel */;
			path = movielist.xcdatamodeld;
			sourceTree = "<group>";
			versionGroupType = wrapper.xcdatamodel;
		};
/* End XCVersionGroup section */
	};
	rootObject = 172AB64B2198266900105BB1 /* Project object */;
}
